// !$*UTF8*$!
{
	archiveVersion = 1;
	classes = {
	};
	objectVersion = 56;
	objects = {

/* Begin PBXBuildFile section */
		DAA524C029DF89DB005FDA40 /* AppDelegate.swift in Sources */ = {isa = PBXBuildFile; fileRef = DAA524BF29DF89DB005FDA40 /* AppDelegate.swift */; };
		DAA524C229DF89DB005FDA40 /* SceneDelegate.swift in Sources */ = {isa = PBXBuildFile; fileRef = DAA524C129DF89DB005FDA40 /* SceneDelegate.swift */; };
		DAA524C429DF89DB005FDA40 /* ViewController.swift in Sources */ = {isa = PBXBuildFile; fileRef = DAA524C329DF89DB005FDA40 /* ViewController.swift */; };
		DAA524C729DF89DB005FDA40 /* Main.storyboard in Resources */ = {isa = PBXBuildFile; fileRef = DAA524C529DF89DB005FDA40 /* Main.storyboard */; };
		DAA524C929DF89DD005FDA40 /* Assets.xcassets in Resources */ = {isa = PBXBuildFile; fileRef = DAA524C829DF89DD005FDA40 /* Assets.xcassets */; };
		DAA524CC29DF89DD005FDA40 /* LaunchScreen.storyboard in Resources */ = {isa = PBXBuildFile; fileRef = DAA524CA29DF89DD005FDA40 /* LaunchScreen.storyboard */; };
		DAA524D729DF8B1F005FDA40 /* Model.swift in Sources */ = {isa = PBXBuildFile; fileRef = DAA524D629DF8B1F005FDA40 /* Model.swift */; };
		DAA524D929DF8B7E005FDA40 /* Webservice.swift in Sources */ = {isa = PBXBuildFile; fileRef = DAA524D829DF8B7E005FDA40 /* Webservice.swift */; };
		DAA524DB29DF8B88005FDA40 /* ViewModel.swift in Sources */ = {isa = PBXBuildFile; fileRef = DAA524DA29DF8B88005FDA40 /* ViewModel.swift */; };
		DAA524DD29DF8B93005FDA40 /* CartViewModel.swift in Sources */ = {isa = PBXBuildFile; fileRef = DAA524DC29DF8B93005FDA40 /* CartViewModel.swift */; };
		DAA524DF29DF8C13005FDA40 /* CartViewController.swift in Sources */ = {isa = PBXBuildFile; fileRef = DAA524DE29DF8C13005FDA40 /* CartViewController.swift */; };
		DAA524E129DF8C2C005FDA40 /* FoodTableViewCell.swift in Sources */ = {isa = PBXBuildFile; fileRef = DAA524E029DF8C2C005FDA40 /* FoodTableViewCell.swift */; };
		DAA524E329DF8C41005FDA40 /* FoodCollectionViewCell.swift in Sources */ = {isa = PBXBuildFile; fileRef = DAA524E229DF8C41005FDA40 /* FoodCollectionViewCell.swift */; };
/* End PBXBuildFile section */

/* Begin PBXFileReference section */
		DAA524BC29DF89DB005FDA40 /* CaseStudy.app */ = {isa = PBXFileReference; explicitFileType = wrapper.application; includeInIndex = 0; path = CaseStudy.app; sourceTree = BUILT_PRODUCTS_DIR; };
		DAA524BF29DF89DB005FDA40 /* AppDelegate.swift */ = {isa = PBXFileReference; lastKnownFileType = sourcecode.swift; path = AppDelegate.swift; sourceTree = "<group>"; };
		DAA524C129DF89DB005FDA40 /* SceneDelegate.swift */ = {isa = PBXFileReference; lastKnownFileType = sourcecode.swift; path = SceneDelegate.swift; sourceTree = "<group>"; };
		DAA524C329DF89DB005FDA40 /* ViewController.swift */ = {isa = PBXFileReference; lastKnownFileType = sourcecode.swift; path = ViewController.swift; sourceTree = "<group>"; };
		DAA524C629DF89DB005FDA40 /* Base */ = {isa = PBXFileReference; lastKnownFileType = file.storyboard; name = Base; path = Base.lproj/Main.storyboard; sourceTree = "<group>"; };
		DAA524C829DF89DD005FDA40 /* Assets.xcassets */ = {isa = PBXFileReference; lastKnownFileType = folder.assetcatalog; path = Assets.xcassets; sourceTree = "<group>"; };
		DAA524CB29DF89DD005FDA40 /* Base */ = {isa = PBXFileReference; lastKnownFileType = file.storyboard; name = Base; path = Base.lproj/LaunchScreen.storyboard; sourceTree = "<group>"; };
		DAA524CD29DF89DD005FDA40 /* Info.plist */ = {isa = PBXFileReference; lastKnownFileType = text.plist.xml; path = Info.plist; sourceTree = "<group>"; };
		DAA524D629DF8B1F005FDA40 /* Model.swift */ = {isa = PBXFileReference; lastKnownFileType = sourcecode.swift; path = Model.swift; sourceTree = "<group>"; };
		DAA524D829DF8B7E005FDA40 /* Webservice.swift */ = {isa = PBXFileReference; lastKnownFileType = sourcecode.swift; path = Webservice.swift; sourceTree = "<group>"; };
		DAA524DA29DF8B88005FDA40 /* ViewModel.swift */ = {isa = PBXFileReference; lastKnownFileType = sourcecode.swift; path = ViewModel.swift; sourceTree = "<group>"; };
		DAA524DC29DF8B93005FDA40 /* CartViewModel.swift */ = {isa = PBXFileReference; lastKnownFileType = sourcecode.swift; path = CartViewModel.swift; sourceTree = "<group>"; };
		DAA524DE29DF8C13005FDA40 /* CartViewController.swift */ = {isa = PBXFileReference; lastKnownFileType = sourcecode.swift; path = CartViewController.swift; sourceTree = "<group>"; };
		DAA524E029DF8C2C005FDA40 /* FoodTableViewCell.swift */ = {isa = PBXFileReference; lastKnownFileType = sourcecode.swift; path = FoodTableViewCell.swift; sourceTree = "<group>"; };
		DAA524E229DF8C41005FDA40 /* FoodCollectionViewCell.swift */ = {isa = PBXFileReference; lastKnownFileType = sourcecode.swift; path = FoodCollectionViewCell.swift; sourceTree = "<group>"; };
/* End PBXFileReference section */

/* Begin PBXFrameworksBuildPhase section */
		DAA524B929DF89DB005FDA40 /* Frameworks */ = {
			isa = PBXFrameworksBuildPhase;
			buildActionMask = 2147483647;
			files = (
			);
			runOnlyForDeploymentPostprocessing = 0;
		};
/* End PBXFrameworksBuildPhase section */

/* Begin PBXGroup section */
		DAA524B329DF89DB005FDA40 = {
			isa = PBXGroup;
			children = (
				DAA524BE29DF89DB005FDA40 /* CaseStudy */,
				DAA524BD29DF89DB005FDA40 /* Products */,
			);
			sourceTree = "<group>";
		};
		DAA524BD29DF89DB005FDA40 /* Products */ = {
			isa = PBXGroup;
			children = (
				DAA524BC29DF89DB005FDA40 /* CaseStudy.app */,
			);
			name = Products;
			sourceTree = "<group>";
		};
		DAA524BE29DF89DB005FDA40 /* CaseStudy */ = {
			isa = PBXGroup;
			children = (
				DAA524D329DF8AF6005FDA40 /* Model */,
				DAA524D429DF8AFC005FDA40 /* View */,
				DAA524D529DF8B00005FDA40 /* ViewModel */,
				DAA524BF29DF89DB005FDA40 /* AppDelegate.swift */,
				DAA524C129DF89DB005FDA40 /* SceneDelegate.swift */,
				DAA524C529DF89DB005FDA40 /* Main.storyboard */,
				DAA524C829DF89DD005FDA40 /* Assets.xcassets */,
				DAA524CA29DF89DD005FDA40 /* LaunchScreen.storyboard */,
				DAA524CD29DF89DD005FDA40 /* Info.plist */,
			);
			path = CaseStudy;
			sourceTree = "<group>";
		};
		DAA524D329DF8AF6005FDA40 /* Model */ = {
			isa = PBXGroup;
			children = (
				DAA524D629DF8B1F005FDA40 /* Model.swift */,
			);
			path = Model;
			sourceTree = "<group>";
		};
		DAA524D429DF8AFC005FDA40 /* View */ = {
			isa = PBXGroup;
			children = (
				DAA524C329DF89DB005FDA40 /* ViewController.swift */,
				DAA524DE29DF8C13005FDA40 /* CartViewController.swift */,
				DAA524E029DF8C2C005FDA40 /* FoodTableViewCell.swift */,
				DAA524E229DF8C41005FDA40 /* FoodCollectionViewCell.swift */,
			);
			path = View;
			sourceTree = "<group>";
		};
		DAA524D529DF8B00005FDA40 /* ViewModel */ = {
			isa = PBXGroup;
			children = (
				DAA524D829DF8B7E005FDA40 /* Webservice.swift */,
				DAA524DA29DF8B88005FDA40 /* ViewModel.swift */,
				DAA524DC29DF8B93005FDA40 /* CartViewModel.swift */,
			);
			path = ViewModel;
			sourceTree = "<group>";
		};
/* End PBXGroup section */

/* Begin PBXNativeTarget section */
		DAA524BB29DF89DB005FDA40 /* CaseStudy */ = {
			isa = PBXNativeTarget;
			buildConfigurationList = DAA524D029DF89DD005FDA40 /* Build configuration list for PBXNativeTarget "CaseStudy" */;
			buildPhases = (
				DAA524B829DF89DB005FDA40 /* Sources */,
				DAA524B929DF89DB005FDA40 /* Frameworks */,
				DAA524BA29DF89DB005FDA40 /* Resources */,
			);
			buildRules = (
			);
			dependencies = (
			);
			name = CaseStudy;
			productName = CaseStudy;
			productReference = DAA524BC29DF89DB005FDA40 /* CaseStudy.app */;
			productType = "com.apple.product-type.application";
		};
/* End PBXNativeTarget section */

/* Begin PBXProject section */
		DAA524B429DF89DB005FDA40 /* Project object */ = {
			isa = PBXProject;
			attributes = {
				BuildIndependentTargetsInParallel = 1;
				LastSwiftUpdateCheck = 1430;
				LastUpgradeCheck = 1430;
				TargetAttributes = {
					DAA524BB29DF89DB005FDA40 = {
						CreatedOnToolsVersion = 14.3;
					};
				};
			};
			buildConfigurationList = DAA524B729DF89DB005FDA40 /* Build configuration list for PBXProject "CaseStudy" */;
			compatibilityVersion = "Xcode 14.0";
			developmentRegion = en;
			hasScannedForEncodings = 0;
			knownRegions = (
				en,
				Base,
			);
			mainGroup = DAA524B329DF89DB005FDA40;
			productRefGroup = DAA524BD29DF89DB005FDA40 /* Products */;
			projectDirPath = "";
			projectRoot = "";
			targets = (
				DAA524BB29DF89DB005FDA40 /* CaseStudy */,
			);
		};
/* End PBXProject section */

/* Begin PBXResourcesBuildPhase section */
		DAA524BA29DF89DB005FDA40 /* Resources */ = {
			isa = PBXResourcesBuildPhase;
			buildActionMask = 2147483647;
			files = (
				DAA524CC29DF89DD005FDA40 /* LaunchScreen.storyboard in Resources */,
				DAA524C929DF89DD005FDA40 /* Assets.xcassets in Resources */,
				DAA524C729DF89DB005FDA40 /* Main.storyboard in Resources */,
			);
			runOnlyForDeploymentPostprocessing = 0;
		};
/* End PBXResourcesBuildPhase section */

/* Begin PBXSourcesBuildPhase section */
		DAA524B829DF89DB005FDA40 /* Sources */ = {
			isa = PBXSourcesBuildPhase;
			buildActionMask = 2147483647;
			files = (
				DAA524E329DF8C41005FDA40 /* FoodCollectionViewCell.swift in Sources */,
				DAA524C429DF89DB005FDA40 /* ViewController.swift in Sources */,
				DAA524C029DF89DB005FDA40 /* AppDelegate.swift in Sources */,
				DAA524DD29DF8B93005FDA40 /* CartViewModel.swift in Sources */,
				DAA524C229DF89DB005FDA40 /* SceneDelegate.swift in Sources */,
				DAA524DF29DF8C13005FDA40 /* CartViewController.swift in Sources */,
				DAA524D929DF8B7E005FDA40 /* Webservice.swift in Sources */,
				DAA524DB29DF8B88005FDA40 /* ViewModel.swift in Sources */,
				DAA524D729DF8B1F005FDA40 /* Model.swift in Sources */,
				DAA524E129DF8C2C005FDA40 /* FoodTableViewCell.swift in Sources */,
			);
			runOnlyForDeploymentPostprocessing = 0;
		};
/* End PBXSourcesBuildPhase section */

/* Begin PBXVariantGroup section */
		DAA524C529DF89DB005FDA40 /* Main.storyboard */ = {
			isa = PBXVariantGroup;
			children = (
				DAA524C629DF89DB005FDA40 /* Base */,
			);
			name = Main.storyboard;
			sourceTree = "<group>";
		};
		DAA524CA29DF89DD005FDA40 /* LaunchScreen.storyboard */ = {
			isa = PBXVariantGroup;
			children = (
				DAA524CB29DF89DD005FDA40 /* Base */,
			);
			name = LaunchScreen.storyboard;
			sourceTree = "<group>";
		};
/* End PBXVariantGroup section */

/* Begin XCBuildConfiguration section */
		DAA524CE29DF89DD005FDA40 /* Debug */ = {
			isa = XCBuildConfiguration;
			buildSettings = {
				ALWAYS_SEARCH_USER_PATHS = NO;
				CLANG_ANALYZER_NONNULL = YES;
				CLANG_ANALYZER_NUMBER_OBJECT_CONVERSION = YES_AGGRESSIVE;
				CLANG_CXX_LANGUAGE_STANDARD = "gnu++20";
				CLANG_ENABLE_MODULES = YES;
				CLANG_ENABLE_OBJC_ARC = YES;
				CLANG_ENABLE_OBJC_WEAK = YES;
				CLANG_WARN_BLOCK_CAPTURE_AUTORELEASING = YES;
				CLANG_WARN_BOOL_CONVERSION = YES;
				CLANG_WARN_COMMA = YES;
				CLANG_WARN_CONSTANT_CONVERSION = YES;
				CLANG_WARN_DEPRECATED_OBJC_IMPLEMENTATIONS = YES;
				CLANG_WARN_DIRECT_OBJC_ISA_USAGE = YES_ERROR;
				CLANG_WARN_DOCUMENTATION_COMMENTS = YES;
				CLANG_WARN_EMPTY_BODY = YES;
				CLANG_WARN_ENUM_CONVERSION = YES;
				CLANG_WARN_INFINITE_RECURSION = YES;
				CLANG_WARN_INT_CONVERSION = YES;
				CLANG_WARN_NON_LITERAL_NULL_CONVERSION = YES;
				CLANG_WARN_OBJC_IMPLICIT_RETAIN_SELF = YES;
				CLANG_WARN_OBJC_LITERAL_CONVERSION = YES;
				CLANG_WARN_OBJC_ROOT_CLASS = YES_ERROR;
				CLANG_WARN_QUOTED_INCLUDE_IN_FRAMEWORK_HEADER = YES;
				CLANG_WARN_RANGE_LOOP_ANALYSIS = YES;
				CLANG_WARN_STRICT_PROTOTYPES = YES;
				CLANG_WARN_SUSPICIOUS_MOVE = YES;
				CLANG_WARN_UNGUARDED_AVAILABILITY = YES_AGGRESSIVE;
				CLANG_WARN_UNREACHABLE_CODE = YES;
				CLANG_WARN__DUPLICATE_METHOD_MATCH = YES;
				COPY_PHASE_STRIP = NO;
				DEBUG_INFORMATION_FORMAT = dwarf;
				ENABLE_STRICT_OBJC_MSGSEND = YES;
				ENABLE_TESTABILITY = YES;
				GCC_C_LANGUAGE_STANDARD = gnu11;
				GCC_DYNAMIC_NO_PIC = NO;
				GCC_NO_COMMON_BLOCKS = YES;
				GCC_OPTIMIZATION_LEVEL = 0;
				GCC_PREPROCESSOR_DEFINITIONS = (
					"DEBUG=1",
					"$(inherited)",
				);
				GCC_WARN_64_TO_32_BIT_CONVERSION = YES;
				GCC_WARN_ABOUT_RETURN_TYPE = YES_ERROR;
				GCC_WARN_UNDECLARED_SELECTOR = YES;
				GCC_WARN_UNINITIALIZED_AUTOS = YES_AGGRESSIVE;
				GCC_WARN_UNUSED_FUNCTION = YES;
				GCC_WARN_UNUSED_VARIABLE = YES;
				IPHONEOS_DEPLOYMENT_TARGET = 16.4;
				MTL_ENABLE_DEBUG_INFO = INCLUDE_SOURCE;
				MTL_FAST_MATH = YES;
				ONLY_ACTIVE_ARCH = YES;
				SDKROOT = iphoneos;
				SWIFT_ACTIVE_COMPILATION_CONDITIONS = DEBUG;
				SWIFT_OPTIMIZATION_LEVEL = "-Onone";
			};
			name = Debug;
		};
		DAA524CF29DF89DD005FDA40 /* Release */ = {
			isa = XCBuildConfiguration;
			buildSettings = {
				ALWAYS_SEARCH_USER_PATHS = NO;
				CLANG_ANALYZER_NONNULL = YES;
				CLANG_ANALYZER_NUMBER_OBJECT_CONVERSION = YES_AGGRESSIVE;
				CLANG_CXX_LANGUAGE_STANDARD = "gnu++20";
				CLANG_ENABLE_MODULES = YES;
				CLANG_ENABLE_OBJC_ARC = YES;
				CLANG_ENABLE_OBJC_WEAK = YES;
				CLANG_WARN_BLOCK_CAPTURE_AUTORELEASING = YES;
				CLANG_WARN_BOOL_CONVERSION = YES;
				CLANG_WARN_COMMA = YES;
				CLANG_WARN_CONSTANT_CONVERSION = YES;
				CLANG_WARN_DEPRECATED_OBJC_IMPLEMENTATIONS = YES;
				CLANG_WARN_DIRECT_OBJC_ISA_USAGE = YES_ERROR;
				CLANG_WARN_DOCUMENTATION_COMMENTS = YES;
				CLANG_WARN_EMPTY_BODY = YES;
				CLANG_WARN_ENUM_CONVERSION = YES;
				CLANG_WARN_INFINITE_RECURSION = YES;
				CLANG_WARN_INT_CONVERSION = YES;
				CLANG_WARN_NON_LITERAL_NULL_CONVERSION = YES;
				CLANG_WARN_OBJC_IMPLICIT_RETAIN_SELF = YES;
				CLANG_WARN_OBJC_LITERAL_CONVERSION = YES;
				CLANG_WARN_OBJC_ROOT_CLASS = YES_ERROR;
				CLANG_WARN_QUOTED_INCLUDE_IN_FRAMEWORK_HEADER = YES;
				CLANG_WARN_RANGE_LOOP_ANALYSIS = YES;
				CLANG_WARN_STRICT_PROTOTYPES = YES;
				CLANG_WARN_SUSPICIOUS_MOVE = YES;
				CLANG_WARN_UNGUARDED_AVAILABILITY = YES_AGGRESSIVE;
				CLANG_WARN_UNREACHABLE_CODE = YES;
				CLANG_WARN__DUPLICATE_METHOD_MATCH = YES;
				COPY_PHASE_STRIP = NO;
				DEBUG_INFORMATION_FORMAT = "dwarf-with-dsym";
				ENABLE_NS_ASSERTIONS = NO;
				ENABLE_STRICT_OBJC_MSGSEND = YES;
				GCC_C_LANGUAGE_STANDARD = gnu11;
				GCC_NO_COMMON_BLOCKS = YES;
				GCC_WARN_64_TO_32_BIT_CONVERSION = YES;
				GCC_WARN_ABOUT_RETURN_TYPE = YES_ERROR;
				GCC_WARN_UNDECLARED_SELECTOR = YES;
				GCC_WARN_UNINITIALIZED_AUTOS = YES_AGGRESSIVE;
				GCC_WARN_UNUSED_FUNCTION = YES;
				GCC_WARN_UNUSED_VARIABLE = YES;
				IPHONEOS_DEPLOYMENT_TARGET = 16.4;
				MTL_ENABLE_DEBUG_INFO = NO;
				MTL_FAST_MATH = YES;
				SDKROOT = iphoneos;
				SWIFT_COMPILATION_MODE = wholemodule;
				SWIFT_OPTIMIZATION_LEVEL = "-O";
				VALIDATE_PRODUCT = YES;
			};
			name = Release;
		};
		DAA524D129DF89DD005FDA40 /* Debug */ = {
			isa = XCBuildConfiguration;
			buildSettings = {
				ASSETCATALOG_COMPILER_APPICON_NAME = AppIcon;
				ASSETCATALOG_COMPILER_GLOBAL_ACCENT_COLOR_NAME = AccentColor;
				CODE_SIGN_STYLE = Automatic;
				CURRENT_PROJECT_VERSION = 1;
				DEVELOPMENT_TEAM = UF8RP58SUS;
				GENERATE_INFOPLIST_FILE = YES;
				INFOPLIST_FILE = CaseStudy/Info.plist;
				INFOPLIST_KEY_UIApplicationSupportsIndirectInputEvents = YES;
				INFOPLIST_KEY_UILaunchStoryboardName = LaunchScreen;
				INFOPLIST_KEY_UIMainStoryboardFile = Main;
				INFOPLIST_KEY_UISupportedInterfaceOrientations_iPad = "UIInterfaceOrientationPortrait UIInterfaceOrientationPortraitUpsideDown UIInterfaceOrientationLandscapeLeft UIInterfaceOrientationLandscapeRight";
				INFOPLIST_KEY_UISupportedInterfaceOrientations_iPhone = "UIInterfaceOrientationPortrait UIInterfaceOrientationLandscapeLeft UIInterfaceOrientationLandscapeRight";
				LD_RUNPATH_SEARCH_PATHS = (
					"$(inherited)",
					"@executable_path/Frameworks",
				);
				MARKETING_VERSION = 1.0;
				PRODUCT_BUNDLE_IDENTIFIER = com.dogaerdemir.CaseStudy;
				PRODUCT_NAME = "$(TARGET_NAME)";
				SWIFT_EMIT_LOC_STRINGS = YES;
				SWIFT_VERSION = 5.0;
				TARGETED_DEVICE_FAMILY = "1,2";
			};
			name = Debug;
		};
		DAA524D229DF89DD005FDA40 /* Release */ = {
			isa = XCBuildConfiguration;
			buildSettings = {
				ASSETCATALOG_COMPILER_APPICON_NAME = AppIcon;
				ASSETCATALOG_COMPILER_GLOBAL_ACCENT_COLOR_NAME = AccentColor;
				CODE_SIGN_STYLE = Automatic;
				CURRENT_PROJECT_VERSION = 1;
				DEVELOPMENT_TEAM = UF8RP58SUS;
				GENERATE_INFOPLIST_FILE = YES;
				INFOPLIST_FILE = CaseStudy/Info.plist;
				INFOPLIST_KEY_UIApplicationSupportsIndirectInputEvents = YES;
				INFOPLIST_KEY_UILaunchStoryboardName = LaunchScreen;
				INFOPLIST_KEY_UIMainStoryboardFile = Main;
				INFOPLIST_KEY_UISupportedInterfaceOrientations_iPad = "UIInterfaceOrientationPortrait UIInterfaceOrientationPortraitUpsideDown UIInterfaceOrientationLandscapeLeft UIInterfaceOrientationLandscapeRight";
				INFOPLIST_KEY_UISupportedInterfaceOrientations_iPhone = "UIInterfaceOrientationPortrait UIInterfaceOrientationLandscapeLeft UIInterfaceOrientationLandscapeRight";
				LD_RUNPATH_SEARCH_PATHS = (
					"$(inherited)",
					"@executable_path/Frameworks",
				);
				MARKETING_VERSION = 1.0;
				PRODUCT_BUNDLE_IDENTIFIER = com.dogaerdemir.CaseStudy;
				PRODUCT_NAME = "$(TARGET_NAME)";
				SWIFT_EMIT_LOC_STRINGS = YES;
				SWIFT_VERSION = 5.0;
				TARGETED_DEVICE_FAMILY = "1,2";
			};
			name = Release;
		};
/* End XCBuildConfiguration section */

/* Begin XCConfigurationList section */
		DAA524B729DF89DB005FDA40 /* Build configuration list for PBXProject "CaseStudy" */ = {
			isa = XCConfigurationList;
			buildConfigurations = (
				DAA524CE29DF89DD005FDA40 /* Debug */,
				DAA524CF29DF89DD005FDA40 /* Release */,
			);
			defaultConfigurationIsVisible = 0;
			defaultConfigurationName = Release;
		};
		DAA524D029DF89DD005FDA40 /* Build configuration list for PBXNativeTarget "CaseStudy" */ = {
			isa = XCConfigurationList;
			buildConfigurations = (
				DAA524D129DF89DD005FDA40 /* Debug */,
				DAA524D229DF89DD005FDA40 /* Release */,
			);
			defaultConfigurationIsVisible = 0;
			defaultConfigurationName = Release;
		};
/* End XCConfigurationList section */
	};
	rootObject = DAA524B429DF89DB005FDA40 /* Project object */;
}
